<?xml version="1.0" encoding="utf-8"?>
<Project ToolsVersion="4.0" xmlns="http://schemas.microsoft.com/developer/msbuild/2003">
  <ItemGroup>
    <Filter Include="Resource Files">
      <UniqueIdentifier>{67DA6AB6-F800-4c08-8B7A-83BB121AAD01}</UniqueIdentifier>
      <Extensions>rc;ico;cur;bmp;dlg;rc2;rct;bin;rgs;gif;jpg;jpeg;jpe;resx;tiff;tif;png;wav;mfcribbon-ms</Extensions>
    </Filter>
    <Filter Include="Equations">
      <UniqueIdentifier>{6ba302bd-291d-4ea3-afb9-28ba813d12c3}</UniqueIdentifier>
    </Filter>
    <Filter Include="Equations\Constant">
      <UniqueIdentifier>{6a9d5a19-0b65-4c01-aca0-1509ce57b200}</UniqueIdentifier>
    </Filter>
    <Filter Include="Test">
      <UniqueIdentifier>{979e41d6-6f7a-4ea4-8097-2e46984974fe}</UniqueIdentifier>
    </Filter>
    <Filter Include="Equations\Addition">
      <UniqueIdentifier>{0d95af8c-d634-4409-a0f4-d27a91ca527d}</UniqueIdentifier>
    </Filter>
    <Filter Include="Equations\Subtraction">
      <UniqueIdentifier>{63ef06f2-2d5a-4d1c-8cbd-c5e15cef99de}</UniqueIdentifier>
    </Filter>
    <Filter Include="Equations\Muliplication">
      <UniqueIdentifier>{c5aae8e4-77f6-4e21-b5aa-0182b4a710e8}</UniqueIdentifier>
    </Filter>
    <Filter Include="Equations\Division">
      <UniqueIdentifier>{3ea5d089-acac-4af5-8886-2ebe3753da4b}</UniqueIdentifier>
    </Filter>
    <Filter Include="Equations\Chain">
      <UniqueIdentifier>{63f4e101-8968-4d55-b974-3f5240040de3}</UniqueIdentifier>
    </Filter>
    <Filter Include="Equations\Exponential">
      <UniqueIdentifier>{79577ebd-1f53-4932-9668-7f8ef3717b3f}</UniqueIdentifier>
    </Filter>
    <Filter Include="Utility">
      <UniqueIdentifier>{2b260507-3515-4180-97cf-cef6a585f483}</UniqueIdentifier>
    </Filter>
    <Filter Include="Parser">
      <UniqueIdentifier>{847c4dbf-ae4e-4b89-bb92-42eec6fd66aa}</UniqueIdentifier>
    </Filter>
    <Filter Include="Equations\Functions">
      <UniqueIdentifier>{abd231d2-8e47-4d15-8dc7-90eafe5341f2}</UniqueIdentifier>
    </Filter>
    <Filter Include="Equations\Functions\Data Structure">
      <UniqueIdentifier>{b2859473-720e-40f3-b8d1-81ce633c0e74}</UniqueIdentifier>
    </Filter>
    <Filter Include="Equations\Functions\Data Structure\Chain">
      <UniqueIdentifier>{6b1287d1-1811-4a66-adda-323681f8a641}</UniqueIdentifier>
    </Filter>
    <Filter Include="Equations\Functions\Built-in Functions">
      <UniqueIdentifier>{344fe43a-35c9-436d-ab03-13fd31bc9c86}</UniqueIdentifier>
    </Filter>
    <Filter Include="Equations\Functions\Built-in Functions\Trigo">
      <UniqueIdentifier>{0ec0a998-63ee-44ca-8c2c-c484f268bcd5}</UniqueIdentifier>
    </Filter>
    <Filter Include="Equations\Functions\Built-in Functions\Trigo\Cos">
      <UniqueIdentifier>{8a79604b-2c9f-4d28-b816-efb3f089b133}</UniqueIdentifier>
    </Filter>
    <Filter Include="Equations\Functions\Built-in Functions\Trigo\Sin">
      <UniqueIdentifier>{834016bb-f348-4345-9f70-afd1a4ecae8e}</UniqueIdentifier>
    </Filter>
    <Filter Include="Equations\Functions\Built-in Functions\Trigo\Tan">
      <UniqueIdentifier>{0b60e98e-b223-4d24-b87b-f3ec8814e9b7}</UniqueIdentifier>
    </Filter>
    <Filter Include="Equations\Functions\Built-in Functions\Trigo\CoTan">
      <UniqueIdentifier>{5e1c22a1-903a-4c67-b5d3-ee97a362effc}</UniqueIdentifier>
    </Filter>
    <Filter Include="Equations\Functions\Built-in Functions\Exponential">
      <UniqueIdentifier>{1d3202e7-cd02-43d1-817f-2e10e488ba0f}</UniqueIdentifier>
    </Filter>
    <Filter Include="Utility\Function">
      <UniqueIdentifier>{7496250e-7aea-41ec-9a76-cf1be2bc5c24}</UniqueIdentifier>
    </Filter>
    <Filter Include="Equations\Functions\Data Structure\Abstract">
      <UniqueIdentifier>{74b74727-3eb4-44b7-b307-8ef48dac407d}</UniqueIdentifier>
    </Filter>
  </ItemGroup>
  <ItemGroup>
    <ClCompile Include="CAbstractEq.cpp">
      <Filter>Equations</Filter>
    </ClCompile>
    <ClCompile Include="Main.cpp">
      <Filter>Test</Filter>
    </ClCompile>
    <ClCompile Include="CConstEq.cpp">
      <Filter>Equations\Constant</Filter>
    </ClCompile>
    <ClCompile Include="CAddEq.cpp">
      <Filter>Equations\Addition</Filter>
    </ClCompile>
    <ClCompile Include="CSubEq.cpp">
      <Filter>Equations\Subtraction</Filter>
    </ClCompile>
    <ClCompile Include="CMplEq.cpp">
      <Filter>Equations\Muliplication</Filter>
    </ClCompile>
    <ClCompile Include="CDivEq.cpp">
      <Filter>Equations\Division</Filter>
    </ClCompile>
    <ClCompile Include="CChainEq.cpp">
      <Filter>Equations\Chain</Filter>
    </ClCompile>
    <ClCompile Include="CEqParser.cpp">
      <Filter>Parser</Filter>
    </ClCompile>
    <ClCompile Include="CExpEq.cpp">
      <Filter>Equations\Exponential</Filter>
    </ClCompile>
    <ClCompile Include="CVarEq.cpp">
      <Filter>Equations</Filter>
    </ClCompile>
    <ClCompile Include="CFunctionsPool.cpp">
      <Filter>Equations\Functions</Filter>
    </ClCompile>
    <ClCompile Include="CC_Common.cpp">
      <Filter>Utility</Filter>
    </ClCompile>
    <ClCompile Include="CParsedFcnEq.cpp">
      <Filter>Equations\Functions\Data Structure</Filter>
    </ClCompile>
    <ClCompile Include="CFcnChainEq.cpp">
      <Filter>Equations\Functions\Data Structure\Chain</Filter>
    </ClCompile>
    <ClCompile Include="CC_Function.cpp">
      <Filter>Utility\Function</Filter>
    </ClCompile>
    <ClCompile Include="CAbstractFcnEq.cpp">
      <Filter>Equations\Functions\Data Structure\Abstract</Filter>
    </ClCompile>
  </ItemGroup>
  <ItemGroup>
    <ClInclude Include="CAbstractEq.h">
      <Filter>Equations</Filter>
    </ClInclude>
    <ClInclude Include="CConstEq.h">
      <Filter>Equations\Constant</Filter>
    </ClInclude>
    <ClInclude Include="CAddEq.h">
      <Filter>Equations\Addition</Filter>
    </ClInclude>
    <ClInclude Include="CSubEq.h">
      <Filter>Equations\Subtraction</Filter>
    </ClInclude>
    <ClInclude Include="CMplEq.h">
      <Filter>Equations\Muliplication</Filter>
    </ClInclude>
    <ClInclude Include="CDivEq.h">
      <Filter>Equations\Division</Filter>
    </ClInclude>
    <ClInclude Include="CChainEq.h">
      <Filter>Equations\Chain</Filter>
    </ClInclude>
    <ClInclude Include="CEqParser.h">
      <Filter>Parser</Filter>
    </ClInclude>
    <ClInclude Include="CExpEq.h">
      <Filter>Equations\Exponential</Filter>
    </ClInclude>
    <ClInclude Include="CVarEq.h">
      <Filter>Equations</Filter>
    </ClInclude>
    <ClInclude Include="CFunctionsPool.h">
      <Filter>Equations\Functions</Filter>
    </ClInclude>
    <ClInclude Include="CC_Common.h">
      <Filter>Utility</Filter>
    </ClInclude>
    <ClInclude Include="DBOUT.h">
      <Filter>Utility</Filter>
    </ClInclude>
    <ClInclude Include="CParsedFcnEq.h">
      <Filter>Equations\Functions\Data Structure</Filter>
    </ClInclude>
    <ClInclude Include="CFcnChainEq.h">
      <Filter>Equations\Functions\Data Structure\Chain</Filter>
    </ClInclude>
    <ClInclude Include="CFcnACosEq.h">
      <Filter>Equations\Functions\Built-in Functions\Trigo\Cos</Filter>
    </ClInclude>
    <ClInclude Include="CFcnASinEq.h">
      <Filter>Equations\Functions\Built-in Functions\Trigo\Sin</Filter>
    </ClInclude>
    <ClInclude Include="CFcnCosEq.h">
      <Filter>Equations\Functions\Built-in Functions\Trigo\Cos</Filter>
    </ClInclude>
    <ClInclude Include="CFcnCotEq.h">
      <Filter>Equations\Functions\Built-in Functions\Trigo\CoTan</Filter>
    </ClInclude>
    <ClInclude Include="CFcnSinEq.h">
      <Filter>Equations\Functions\Built-in Functions\Trigo\Sin</Filter>
    </ClInclude>
    <ClInclude Include="CFcnTanEq.h">
      <Filter>Equations\Functions\Built-in Functions\Trigo\Tan</Filter>
    </ClInclude>
    <ClInclude Include="CFcnLogEq.h">
      <Filter>Equations\Functions\Built-in Functions\Exponential</Filter>
    </ClInclude>
    <ClInclude Include="CFcnExpEq.h">
      <Filter>Equations\Functions\Built-in Functions\Exponential</Filter>
    </ClInclude>
    <ClInclude Include="CFcnATanEq.h">
      <Filter>Equations\Functions\Built-in Functions\Trigo\Tan</Filter>
    </ClInclude>
    <ClInclude Include="InitBuiltInFcns.h">
      <Filter>Equations\Functions\Built-in Functions</Filter>
    </ClInclude>
    <ClInclude Include="CC_Function.h">
      <Filter>Utility\Function</Filter>
    </ClInclude>
    <ClInclude Include="CFcnACotEq.h">
      <Filter>Equations\Functions\Built-in Functions\Trigo\CoTan</Filter>
    </ClInclude>
    <ClInclude Include="CAbstractFcnEq.h">
      <Filter>Equations\Functions\Data Structure\Abstract</Filter>
    </ClInclude>
  </ItemGroup>
</Project>